// !$*UTF8*$!
{
	archiveVersion = 1;
	classes = {
	};
	objectVersion = 48;
	objects = {

/* Begin PBXBuildFile section */
		449FDDB8200429200046F197 /* CircularBuffer.h in Headers */ = {isa = PBXBuildFile; fileRef = 449FDDB4200429200046F197 /* CircularBuffer.h */; settings = {ATTRIBUTES = (Public, ); }; };
		449FDDB9200429200046F197 /* Sync_queue.h in Headers */ = {isa = PBXBuildFile; fileRef = 449FDDB5200429200046F197 /* Sync_queue.h */; settings = {ATTRIBUTES = (Public, ); }; };
		449FDDBA200429200046F197 /* throw.h in Headers */ = {isa = PBXBuildFile; fileRef = 449FDDB6200429200046F197 /* throw.h */; settings = {ATTRIBUTES = (Public, ); }; };
		449FDDBB200429200046F197 /* Socket.h in Headers */ = {isa = PBXBuildFile; fileRef = 449FDDB7200429200046F197 /* Socket.h */; settings = {ATTRIBUTES = (Public, ); }; };
		449FDDBE200429250046F197 /* throw.cpp in Sources */ = {isa = PBXBuildFile; fileRef = 449FDDBC200429250046F197 /* throw.cpp */; };
		449FDDBF200429250046F197 /* Socket.cpp in Sources */ = {isa = PBXBuildFile; fileRef = 449FDDBD200429250046F197 /* Socket.cpp */; };
		449FDDC9200430710046F197 /* logging.h in Headers */ = {isa = PBXBuildFile; fileRef = 449FDDC8200430710046F197 /* logging.h */; settings = {ATTRIBUTES = (Public, ); }; };
		449FDDCB200430760046F197 /* logging.cpp in Sources */ = {isa = PBXBuildFile; fileRef = 449FDDCA200430760046F197 /* logging.cpp */; };
/* End PBXBuildFile section */

/* Begin PBXFileReference section */
		449FDDB4200429200046F197 /* CircularBuffer.h */ = {isa = PBXFileReference; fileEncoding = 4; lastKnownFileType = sourcecode.c.h; path = CircularBuffer.h; sourceTree = "<group>"; };
		449FDDB5200429200046F197 /* Sync_queue.h */ = {isa = PBXFileReference; fileEncoding = 4; lastKnownFileType = sourcecode.c.h; path = Sync_queue.h; sourceTree = "<group>"; };
		449FDDB6200429200046F197 /* throw.h */ = {isa = PBXFileReference; fileEncoding = 4; lastKnownFileType = sourcecode.c.h; path = throw.h; sourceTree = "<group>"; };
		449FDDB7200429200046F197 /* Socket.h */ = {isa = PBXFileReference; fileEncoding = 4; lastKnownFileType = sourcecode.c.h; path = Socket.h; sourceTree = "<group>"; };
		449FDDBC200429250046F197 /* throw.cpp */ = {isa = PBXFileReference; fileEncoding = 4; lastKnownFileType = sourcecode.cpp.cpp; path = throw.cpp; sourceTree = "<group>"; };
		449FDDBD200429250046F197 /* Socket.cpp */ = {isa = PBXFileReference; fileEncoding = 4; lastKnownFileType = sourcecode.cpp.cpp; path = Socket.cpp; sourceTree = "<group>"; };
		449FDDC8200430710046F197 /* logging.h */ = {isa = PBXFileReference; fileEncoding = 4; lastKnownFileType = sourcecode.c.h; path = logging.h; sourceTree = "<group>"; };
		449FDDCA200430760046F197 /* logging.cpp */ = {isa = PBXFileReference; fileEncoding = 4; lastKnownFileType = sourcecode.cpp.cpp; path = logging.cpp; sourceTree = "<group>"; };
		44B69CC1200425C1005B4567 /* libnetworking.a */ = {isa = PBXFileReference; explicitFileType = archive.ar; includeInIndex = 0; path = libnetworking.a; sourceTree = BUILT_PRODUCTS_DIR; };
/* End PBXFileReference section */

/* Begin PBXFrameworksBuildPhase section */
		44B69CBE200425C1005B4567 /* Frameworks */ = {
			isa = PBXFrameworksBuildPhase;
			buildActionMask = 2147483647;
			files = (
			);
			runOnlyForDeploymentPostprocessing = 0;
		};
/* End PBXFrameworksBuildPhase section */

/* Begin PBXGroup section */
		449FDD92200425E70046F197 /* Headers */ = {
			isa = PBXGroup;
			children = (
				449FDDC8200430710046F197 /* logging.h */,
				449FDDB4200429200046F197 /* CircularBuffer.h */,
				449FDDB7200429200046F197 /* Socket.h */,
				449FDDB5200429200046F197 /* Sync_queue.h */,
				449FDDB6200429200046F197 /* throw.h */,
			);
			name = Headers;
			path = include/networking;
			sourceTree = "<group>";
		};
		449FDD94200425EF0046F197 /* Sources */ = {
			isa = PBXGroup;
			children = (
				449FDDCA200430760046F197 /* logging.cpp */,
				449FDDBD200429250046F197 /* Socket.cpp */,
				449FDDBC200429250046F197 /* throw.cpp */,
			);
			name = Sources;
			path = src;
			sourceTree = "<group>";
		};
		44B69CB8200425C1005B4567 = {
			isa = PBXGroup;
			children = (
				449FDD92200425E70046F197 /* Headers */,
				449FDD94200425EF0046F197 /* Sources */,
				44B69CC2200425C1005B4567 /* Products */,
			);
			sourceTree = "<group>";
		};
		44B69CC2200425C1005B4567 /* Products */ = {
			isa = PBXGroup;
			children = (
				44B69CC1200425C1005B4567 /* libnetworking.a */,
			);
			name = Products;
			sourceTree = "<group>";
		};
/* End PBXGroup section */

/* Begin PBXHeadersBuildPhase section */
		44B69CBF200425C1005B4567 /* Headers */ = {
			isa = PBXHeadersBuildPhase;
			buildActionMask = 2147483647;
			files = (
				449FDDBA200429200046F197 /* throw.h in Headers */,
				449FDDB8200429200046F197 /* CircularBuffer.h in Headers */,
				449FDDB9200429200046F197 /* Sync_queue.h in Headers */,
				449FDDC9200430710046F197 /* logging.h in Headers */,
				449FDDBB200429200046F197 /* Socket.h in Headers */,
			);
			runOnlyForDeploymentPostprocessing = 0;
		};
/* End PBXHeadersBuildPhase section */

/* Begin PBXNativeTarget section */
		44B69CC0200425C1005B4567 /* networking */ = {
			isa = PBXNativeTarget;
			buildConfigurationList = 44B69CC5200425C1005B4567 /* Build configuration list for PBXNativeTarget "networking" */;
			buildPhases = (
				44B69CBD200425C1005B4567 /* Sources */,
				44B69CBE200425C1005B4567 /* Frameworks */,
				44B69CBF200425C1005B4567 /* Headers */,
			);
			buildRules = (
			);
			dependencies = (
			);
			name = networking;
			productName = networking;
			productReference = 44B69CC1200425C1005B4567 /* libnetworking.a */;
			productType = "com.apple.product-type.library.static";
		};
/* End PBXNativeTarget section */

/* Begin PBXProject section */
		44B69CB9200425C1005B4567 /* Project object */ = {
			isa = PBXProject;
			attributes = {
				LastUpgradeCheck = 0920;
				ORGANIZATIONNAME = "Rob Hendriks";
				TargetAttributes = {
					44B69CC0200425C1005B4567 = {
						CreatedOnToolsVersion = 9.2;
						ProvisioningStyle = Automatic;
					};
				};
			};
			buildConfigurationList = 44B69CBC200425C1005B4567 /* Build configuration list for PBXProject "networking" */;
			compatibilityVersion = "Xcode 8.0";
			developmentRegion = en;
			hasScannedForEncodings = 0;
			knownRegions = (
				en,
			);
			mainGroup = 44B69CB8200425C1005B4567;
			productRefGroup = 44B69CC2200425C1005B4567 /* Products */;
			projectDirPath = "";
			projectRoot = "";
			targets = (
				44B69CC0200425C1005B4567 /* networking */,
			);
		};
/* End PBXProject section */

/* Begin PBXSourcesBuildPhase section */
		44B69CBD200425C1005B4567 /* Sources */ = {
			isa = PBXSourcesBuildPhase;
			buildActionMask = 2147483647;
			files = (
				449FDDBF200429250046F197 /* Socket.cpp in Sources */,
				449FDDCB200430760046F197 /* logging.cpp in Sources */,
				449FDDBE200429250046F197 /* throw.cpp in Sources */,
			);
			runOnlyForDeploymentPostprocessing = 0;
		};
/* End PBXSourcesBuildPhase section */

/* Begin XCBuildConfiguration section */
		44B69CC3200425C1005B4567 /* Debug */ = {
			isa = XCBuildConfiguration;
			buildSettings = {
				ALWAYS_SEARCH_USER_PATHS = NO;
				CLANG_ANALYZER_NONNULL = YES;
				CLANG_ANALYZER_NUMBER_OBJECT_CONVERSION = YES_AGGRESSIVE;
				CLANG_CXX_LANGUAGE_STANDARD = "gnu++14";
				CLANG_CXX_LIBRARY = "libc++";
				CLANG_ENABLE_MODULES = YES;
				CLANG_ENABLE_OBJC_ARC = YES;
				CLANG_WARN_BLOCK_CAPTURE_AUTORELEASING = YES;
				CLANG_WARN_BOOL_CONVERSION = YES;
				CLANG_WARN_COMMA = YES;
				CLANG_WARN_CONSTANT_CONVERSION = YES;
				CLANG_WARN_DIRECT_OBJC_ISA_USAGE = YES_ERROR;
				CLANG_WARN_DOCUMENTATION_COMMENTS = YES;
				CLANG_WARN_EMPTY_BODY = YES;
				CLANG_WARN_ENUM_CONVERSION = YES;
				CLANG_WARN_INFINITE_RECURSION = YES;
				CLANG_WARN_INT_CONVERSION = YES;
				CLANG_WARN_NON_LITERAL_NULL_CONVERSION = YES;
				CLANG_WARN_OBJC_LITERAL_CONVERSION = YES;
				CLANG_WARN_OBJC_ROOT_CLASS = YES_ERROR;
				CLANG_WARN_RANGE_LOOP_ANALYSIS = YES;
				CLANG_WARN_STRICT_PROTOTYPES = YES;
				CLANG_WARN_SUSPICIOUS_MOVE = YES;
				CLANG_WARN_UNGUARDED_AVAILABILITY = YES_AGGRESSIVE;
				CLANG_WARN_UNREACHABLE_CODE = YES;
				CLANG_WARN__DUPLICATE_METHOD_MATCH = YES;
				CODE_SIGN_IDENTITY = "Mac Developer";
				COPY_PHASE_STRIP = NO;
				DEBUG_INFORMATION_FORMAT = dwarf;
				ENABLE_STRICT_OBJC_MSGSEND = YES;
				ENABLE_TESTABILITY = YES;
				GCC_C_LANGUAGE_STANDARD = gnu11;
				GCC_DYNAMIC_NO_PIC = NO;
				GCC_NO_COMMON_BLOCKS = YES;
				GCC_OPTIMIZATION_LEVEL = 0;
				GCC_PREPROCESSOR_DEFINITIONS = (
					"DEBUG=1",
					"$(inherited)",
				);
				GCC_WARN_64_TO_32_BIT_CONVERSION = YES;
				GCC_WARN_ABOUT_RETURN_TYPE = YES_ERROR;
				GCC_WARN_UNDECLARED_SELECTOR = YES;
				GCC_WARN_UNINITIALIZED_AUTOS = YES_AGGRESSIVE;
				GCC_WARN_UNUSED_FUNCTION = YES;
				GCC_WARN_UNUSED_VARIABLE = YES;
				MACOSX_DEPLOYMENT_TARGET = 10.13;
				MTL_ENABLE_DEBUG_INFO = YES;
				ONLY_ACTIVE_ARCH = YES;
				SDKROOT = macosx;
			};
			name = Debug;
		};
		44B69CC4200425C1005B4567 /* Release */ = {
			isa = XCBuildConfiguration;
			buildSettings = {
				ALWAYS_SEARCH_USER_PATHS = NO;
				CLANG_ANALYZER_NONNULL = YES;
				CLANG_ANALYZER_NUMBER_OBJECT_CONVERSION = YES_AGGRESSIVE;
				CLANG_CXX_LANGUAGE_STANDARD = "gnu++14";
				CLANG_CXX_LIBRARY = "libc++";
				CLANG_ENABLE_MODULES = YES;
				CLANG_ENABLE_OBJC_ARC = YES;
				CLANG_WARN_BLOCK_CAPTURE_AUTORELEASING = YES;
				CLANG_WARN_BOOL_CONVERSION = YES;
				CLANG_WARN_COMMA = YES;
				CLANG_WARN_CONSTANT_CONVERSION = YES;
				CLANG_WARN_DIRECT_OBJC_ISA_USAGE = YES_ERROR;
				CLANG_WARN_DOCUMENTATION_COMMENTS = YES;
				CLANG_WARN_EMPTY_BODY = YES;
				CLANG_WARN_ENUM_CONVERSION = YES;
				CLANG_WARN_INFINITE_RECURSION = YES;
				CLANG_WARN_INT_CONVERSION = YES;
				CLANG_WARN_NON_LITERAL_NULL_CONVERSION = YES;
				CLANG_WARN_OBJC_LITERAL_CONVERSION = YES;
				CLANG_WARN_OBJC_ROOT_CLASS = YES_ERROR;
				CLANG_WARN_RANGE_LOOP_ANALYSIS = YES;
				CLANG_WARN_STRICT_PROTOTYPES = YES;
				CLANG_WARN_SUSPICIOUS_MOVE = YES;
				CLANG_WARN_UNGUARDED_AVAILABILITY = YES_AGGRESSIVE;
				CLANG_WARN_UNREACHABLE_CODE = YES;
				CLANG_WARN__DUPLICATE_METHOD_MATCH = YES;
				CODE_SIGN_IDENTITY = "Mac Developer";
				COPY_PHASE_STRIP = NO;
				DEBUG_INFORMATION_FORMAT = "dwarf-with-dsym";
				ENABLE_NS_ASSERTIONS = NO;
				ENABLE_STRICT_OBJC_MSGSEND = YES;
				GCC_C_LANGUAGE_STANDARD = gnu11;
				GCC_NO_COMMON_BLOCKS = YES;
				GCC_WARN_64_TO_32_BIT_CONVERSION = YES;
				GCC_WARN_ABOUT_RETURN_TYPE = YES_ERROR;
				GCC_WARN_UNDECLARED_SELECTOR = YES;
				GCC_WARN_UNINITIALIZED_AUTOS = YES_AGGRESSIVE;
				GCC_WARN_UNUSED_FUNCTION = YES;
				GCC_WARN_UNUSED_VARIABLE = YES;
				MACOSX_DEPLOYMENT_TARGET = 10.13;
				MTL_ENABLE_DEBUG_INFO = NO;
				SDKROOT = macosx;
			};
			name = Release;
		};
		44B69CC6200425C1005B4567 /* Debug */ = {
			isa = XCBuildConfiguration;
			buildSettings = {
				CLANG_CXX_LANGUAGE_STANDARD = "gnu++17";
				CODE_SIGN_STYLE = Automatic;
				DEVELOPMENT_TEAM = QV4T55ZUBD;
				EXECUTABLE_PREFIX = lib;
				PRODUCT_NAME = "$(TARGET_NAME)";
			};
			name = Debug;
		};
		44B69CC7200425C1005B4567 /* Release */ = {
			isa = XCBuildConfiguration;
			buildSettings = {
				CLANG_CXX_LANGUAGE_STANDARD = "gnu++17";
				CODE_SIGN_STYLE = Automatic;
				DEVELOPMENT_TEAM = QV4T55ZUBD;
				EXECUTABLE_PREFIX = lib;
				PRODUCT_NAME = "$(TARGET_NAME)";
			};
			name = Release;
		};
/* End XCBuildConfiguration section */

/* Begin XCConfigurationList section */
		44B69CBC200425C1005B4567 /* Build configuration list for PBXProject "networking" */ = {
			isa = XCConfigurationList;
			buildConfigurations = (
				44B69CC3200425C1005B4567 /* Debug */,
				44B69CC4200425C1005B4567 /* Release */,
			);
			defaultConfigurationIsVisible = 0;
			defaultConfigurationName = Release;
		};
		44B69CC5200425C1005B4567 /* Build configuration list for PBXNativeTarget "networking" */ = {
			isa = XCConfigurationList;
			buildConfigurations = (
				44B69CC6200425C1005B4567 /* Debug */,
				44B69CC7200425C1005B4567 /* Release */,
			);
			defaultConfigurationIsVisible = 0;
			defaultConfigurationName = Release;
		};
/* End XCConfigurationList section */
	};
	rootObject = 44B69CB9200425C1005B4567 /* Project object */;
}
